
Microsoft Visual Studio Solution File, Format Version 12.00
# Visual Studio Version 17
VisualStudioVersion = 17.14.37203.1 d17.14
MinimumVisualStudioVersion = 10.0.40219.1
Project("{FAE04EC0-301F-11D3-BF4B-00C04F79EFBC}") = "NoMoreStuckProjectilesRedux", "NoMoreStuckProjectilesRedux.csproj", "{A0643BEE-7678-1452-FFF7-443760624B44}"
EndProject
Global
	GlobalSection(SolutionConfigurationPlatforms) = preSolution
		Debug|x64 = Debug|x64
		Release|x64 = Release|x64
	EndGlobalSection
	GlobalSection(ProjectConfigurationPlatforms) = postSolution
		{A0643BEE-7678-1452-FFF7-443760624B44}.Debug|x64.ActiveCfg = Debug|x64
		{A0643BEE-7678-1452-FFF7-443760624B44}.Debug|x64.Build.0 = Debug|x64
		{A0643BEE-7678-1452-FFF7-443760624B44}.Release|x64.ActiveCfg = Release|x64
		{A0643BEE-7678-1452-FFF7-443760624B44}.Release|x64.Build.0 = Release|x64
	EndGlobalSection
	GlobalSection(SolutionProperties) = preSolution
		HideSolutionNode = FALSE
	EndGlobalSection
	GlobalSection(ExtensibilityGlobals) = postSolution
		SolutionGuid = {D6EC7518-2976-4405-871D-99DFF335B3A3}
	EndGlobalSection
EndGlobal
